{
  "name": "zooai-copycat-guest",
  "lockfileVersion": 3,
  "requires": true,
  "packages": {
    "": {
      "name": "zooai-copycat-guest",
      "dependencies": {
        "@aiagentzoo/sdk": "^0.2.0"
      },
      "engines": {
        "node": ">=22.6"
      }
    },
    "node_modules/@aiagentzoo/sdk": {
      "version": "0.2.0",
      "resolved": "https://registry.npmjs.org/@aiagentzoo/sdk/-/sdk-0.2.0.tgz",
      "integrity": "sha512-7MMamRPmA7y9nehOPsJzK1HCRiCYLhAdszoDaGmTtDU9+Hr9hdAMemQoU1s+jolGE+KVe0CAhI76DnEgfP1wbw==",
      "license": "MIT",
      "engines": {
        "node": ">=20"
      },
      "peerDependencies": {
        "@anthropic-ai/sdk": ">=0.70.0"
      },
      "peerDependenciesMeta": {
        "@anthropic-ai/sdk": {
          "optional": true
        }
      }
    }
  }
}
